
Microsoft Visual Studio Solution File, Format Version 12.00
# Visual Studio Version 17
VisualStudioVersion = 17.5.33414.496
MinimumVisualStudioVersion = 10.0.40219.1
Project("{FAE04EC0-301F-11D3-BF4B-00C04F79EFBC}") = "ScanDrive", "ScanDrive.csproj", "{74CEB8AF-80DF-4277-A053-83565FBFC42F}"
EndProject
Global
	GlobalSection(SolutionConfigurationPlatforms) = preSolution
		Debug|Any CPU = Debug|Any CPU
		Release|Any CPU = Release|Any CPU
	EndGlobalSection
	GlobalSection(ProjectConfigurationPlatforms) = postSolution
		{74CEB8AF-80DF-4277-A053-83565FBFC42F}.Debug|Any CPU.ActiveCfg = Debug|Any CPU
		{74CEB8AF-80DF-4277-A053-83565FBFC42F}.Debug|Any CPU.Build.0 = Debug|Any CPU
		{74CEB8AF-80DF-4277-A053-83565FBFC42F}.Release|Any CPU.ActiveCfg = Release|Any CPU
		{74CEB8AF-80DF-4277-A053-83565FBFC42F}.Release|Any CPU.Build.0 = Release|Any CPU
	EndGlobalSection
	GlobalSection(SolutionProperties) = preSolution
		HideSolutionNode = FALSE
	EndGlobalSection
	GlobalSection(ExtensibilityGlobals) = postSolution
		SolutionGuid = {57C9B8E5-4A4B-4074-8FE7-8E2F342EA57A}
	EndGlobalSection
EndGlobal
